
Microsoft Visual Studio Solution File, Format Version 12.00
# Visual Studio Version 17
VisualStudioVersion = 17.8.34330.188
MinimumVisualStudioVersion = 10.0.40219.1
Project("{FAE04EC0-301F-11D3-BF4B-00C04F79EFBC}") = "testpro", "testpro\testpro.csproj", "{512C2C52-4F91-49F3-AD8B-DDF788944992}"
EndProject
Global
	GlobalSection(SolutionConfigurationPlatforms) = preSolution
		Debug|Any CPU = Debug|Any CPU
		Release|Any CPU = Release|Any CPU
	EndGlobalSection
	GlobalSection(ProjectConfigurationPlatforms) = postSolution
		{512C2C52-4F91-49F3-AD8B-DDF788944992}.Debug|Any CPU.ActiveCfg = Debug|Any CPU
		{512C2C52-4F91-49F3-AD8B-DDF788944992}.Debug|Any CPU.Build.0 = Debug|Any CPU
		{512C2C52-4F91-49F3-AD8B-DDF788944992}.Release|Any CPU.ActiveCfg = Release|Any CPU
		{512C2C52-4F91-49F3-AD8B-DDF788944992}.Release|Any CPU.Build.0 = Release|Any CPU
	EndGlobalSection
	GlobalSection(SolutionProperties) = preSolution
		HideSolutionNode = FALSE
	EndGlobalSection
	GlobalSection(ExtensibilityGlobals) = postSolution
		SolutionGuid = {F3DEC393-4161-4C01-A1AB-7529A0C2B20E}
	EndGlobalSection
EndGlobal
